<?xml version="1.0" encoding="utf-8"?>
<Project ToolsVersion="4.0" xmlns="http://schemas.microsoft.com/developer/msbuild/2003">
  <ItemGroup>
    <Filter Include="Source Files">
      <UniqueIdentifier>{4FC737F1-C7A5-4376-A066-2A32D752A2FF}</UniqueIdentifier>
      <Extensions>cpp;c;cc;cxx;def;odl;idl;hpj;bat;asm;asmx</Extensions>
    </Filter>
    <Filter Include="Header Files">
      <UniqueIdentifier>{93995380-89BD-4b04-88EB-625FBE52EBFB}</UniqueIdentifier>
      <Extensions>h;hh;hpp;hxx;hm;inl;inc;xsd</Extensions>
    </Filter>
    <Filter Include="Resource Files">
      <UniqueIdentifier>{67DA6AB6-F800-4c08-8B7A-83BB121AAD01}</UniqueIdentifier>
      <Extensions>rc;ico;cur;bmp;dlg;rc2;rct;bin;rgs;gif;jpg;jpeg;jpe;resx;tiff;tif;png;wav;mfcribbon-ms</Extensions>
    </Filter>
  </ItemGroup>
  <ItemGroup>
    <ClCompile Include="Source.cpp">
      <Filter>Source Files</Filter>
    </ClCompile>
    <ClCompile Include="Sources\Game.cpp">
      <Filter>Source Files</Filter>
    </ClCompile>
    <ClCompile Include="Sources\Blocks.cpp">
      <Filter>Source Files</Filter>
    </ClCompile>
    <ClCompile Include="Sources\Bomb.cpp">
      <Filter>Source Files</Filter>
    </ClCompile>
    <ClCompile Include="Sources\Destructible.cpp">
      <Filter>Source Files</Filter>
    </ClCompile>
    <ClCompile Include="Sources\Door.cpp">
      <Filter>Source Files</Filter>
    </ClCompile>
    <ClCompile Include="Sources\Fire.cpp">
      <Filter>Source Files</Filter>
    </ClCompile>
    <ClCompile Include="Sources\Indestructible.cpp">
      <Filter>Source Files</Filter>
    </ClCompile>
    <ClCompile Include="Sources\Player.cpp">
      <Filter>Source Files</Filter>
    </ClCompile>
    <ClCompile Include="Sources\MainFire.cpp">
      <Filter>Source Files</Filter>
    </ClCompile>
    <ClCompile Include="Sources\Monster.cpp">
      <Filter>Source Files</Filter>
    </ClCompile>
    <ClCompile Include="Sources\Ruined.cpp">
      <Filter>Source Files</Filter>
    </ClCompile>
    <ClCompile Include="Sources\RightFire.cpp">
      <Filter>Source Files</Filter>
    </ClCompile>
    <ClCompile Include="Sources\LeftFire.cpp">
      <Filter>Source Files</Filter>
    </ClCompile>
    <ClCompile Include="Sources\Wall.cpp">
      <Filter>Source Files</Filter>
    </ClCompile>
    <ClCompile Include="Sources\BotFire.cpp">
      <Filter>Source Files</Filter>
    </ClCompile>
    <ClCompile Include="Sources\TopFire.cpp">
      <Filter>Source Files</Filter>
    </ClCompile>
    <ClCompile Include="Sources\TongueLeft.cpp">
      <Filter>Source Files</Filter>
    </ClCompile>
    <ClCompile Include="Sources\TongueRight.cpp">
      <Filter>Source Files</Filter>
    </ClCompile>
    <ClCompile Include="Sources\TongueBot.cpp">
      <Filter>Source Files</Filter>
    </ClCompile>
    <ClCompile Include="Sources\TongueTop.cpp">
      <Filter>Source Files</Filter>
    </ClCompile>
    <ClCompile Include="Sources\Global.cpp">
      <Filter>Source Files</Filter>
    </ClCompile>
    <ClCompile Include="Sources\Fone.cpp">
      <Filter>Source Files</Filter>
    </ClCompile>
    <ClCompile Include="Sources\SimpleMonster.cpp">
      <Filter>Source Files</Filter>
    </ClCompile>
    <ClCompile Include="Sources\DeathMonster.cpp">
      <Filter>Source Files</Filter>
    </ClCompile>
    <ClCompile Include="Sources\DeathSimpleMonster.cpp">
      <Filter>Source Files</Filter>
    </ClCompile>
    <ClCompile Include="Sources\DeathHero.cpp">
      <Filter>Source Files</Filter>
    </ClCompile>
    <ClCompile Include="Sources\Boost.cpp">
      <Filter>Source Files</Filter>
    </ClCompile>
  </ItemGroup>
  <ItemGroup>
    <Image Include="blocks.png">
      <Filter>Resource Files</Filter>
    </Image>
    <Image Include="bomb.png">
      <Filter>Resource Files</Filter>
    </Image>
    <Image Include="fire.png">
      <Filter>Resource Files</Filter>
    </Image>
    <Image Include="image.png">
      <Filter>Resource Files</Filter>
    </Image>
    <Image Include="wall.jpg">
      <Filter>Resource Files</Filter>
    </Image>
    <Image Include="bigBoom.jpg">
      <Filter>Resource Files</Filter>
    </Image>
    <Image Include="ruined.png">
      <Filter>Resource Files</Filter>
    </Image>
    <Image Include="monster_death.png">
      <Filter>Resource Files</Filter>
    </Image>
    <Image Include="monster.png">
      <Filter>Resource Files</Filter>
    </Image>
    <Image Include="bigBoom.png">
      <Filter>Resource Files</Filter>
    </Image>
  </ItemGroup>
  <ItemGroup>
    <None Include="x64\Release\sfml-graphics-2.dll" />
    <None Include="x64\Release\sfml-system-2.dll" />
    <None Include="x64\Release\sfml-window-2.dll" />
    <None Include="x64\Release\vc140.pdb" />
  </ItemGroup>
  <ItemGroup>
    <Object Include="x64\Release\Source.obj" />
  </ItemGroup>
  <ItemGroup>
    <Text Include="x64\Release\Project9.log" />
  </ItemGroup>
  <ItemGroup>
    <ClInclude Include="Headers\Game.h">
      <Filter>Header Files</Filter>
    </ClInclude>
    <ClInclude Include="Headers\Blocks.h">
      <Filter>Header Files</Filter>
    </ClInclude>
    <ClInclude Include="Headers\Bomb.h">
      <Filter>Header Files</Filter>
    </ClInclude>
    <ClInclude Include="Headers\BotFire.h">
      <Filter>Header Files</Filter>
    </ClInclude>
    <ClInclude Include="Headers\Destructible.h">
      <Filter>Header Files</Filter>
    </ClInclude>
    <ClInclude Include="Headers\Door.h">
      <Filter>Header Files</Filter>
    </ClInclude>
    <ClInclude Include="Headers\Fire.h">
      <Filter>Header Files</Filter>
    </ClInclude>
    <ClInclude Include="Headers\Indestructible.h">
      <Filter>Header Files</Filter>
    </ClInclude>
    <ClInclude Include="Headers\LeftFire.h">
      <Filter>Header Files</Filter>
    </ClInclude>
    <ClInclude Include="Headers\MainFire.h">
      <Filter>Header Files</Filter>
    </ClInclude>
    <ClInclude Include="Headers\Monster.h">
      <Filter>Header Files</Filter>
    </ClInclude>
    <ClInclude Include="Headers\RightFire.h">
      <Filter>Header Files</Filter>
    </ClInclude>
    <ClInclude Include="Headers\Ruined.h">
      <Filter>Header Files</Filter>
    </ClInclude>
    <ClInclude Include="Headers\TongueBot.h">
      <Filter>Header Files</Filter>
    </ClInclude>
    <ClInclude Include="Headers\Player.h">
      <Filter>Header Files</Filter>
    </ClInclude>
    <ClInclude Include="Headers\TongueLeft.h">
      <Filter>Header Files</Filter>
    </ClInclude>
    <ClInclude Include="Headers\TongueTop.h">
      <Filter>Header Files</Filter>
    </ClInclude>
    <ClInclude Include="Headers\TongueRight.h">
      <Filter>Header Files</Filter>
    </ClInclude>
    <ClInclude Include="Headers\TopFire.h">
      <Filter>Header Files</Filter>
    </ClInclude>
    <ClInclude Include="Headers\Wall.h">
      <Filter>Header Files</Filter>
    </ClInclude>
    <ClInclude Include="Headers\Global.h">
      <Filter>Header Files</Filter>
    </ClInclude>
    <ClInclude Include="Headers\Fone.h">
      <Filter>Header Files</Filter>
    </ClInclude>
    <ClInclude Include="Headers\SimpleMonster.h">
      <Filter>Header Files</Filter>
    </ClInclude>
    <ClInclude Include="Headers\DeathMonster.h">
      <Filter>Header Files</Filter>
    </ClInclude>
    <ClInclude Include="Headers\DeathHero.h">
      <Filter>Header Files</Filter>
    </ClInclude>
    <ClInclude Include="Headers\DeathSimpleMonster.h">
      <Filter>Header Files</Filter>
    </ClInclude>
    <ClInclude Include="Headers\Boost.h">
      <Filter>Header Files</Filter>
    </ClInclude>
  </ItemGroup>
</Project>